
Microsoft Visual Studio Solution File, Format Version 12.00
# Visual Studio Version 16
VisualStudioVersion = 16.0.30413.136
MinimumVisualStudioVersion = 10.0.40219.1
Project("{8BC9CEB8-8B4A-11D0-8D11-00A0C91BC942}") = "Screw_Driver", "Screw_Driver\Screw_Driver.vcxproj", "{D421B0C1-8213-4E30-A3DB-C298310907D5}"
EndProject
Global
	GlobalSection(SolutionConfigurationPlatforms) = preSolution
		Debug|ARM = Debug|ARM
		Debug|ARM64 = Debug|ARM64
		Debug|x64 = Debug|x64
		Debug|x86 = Debug|x86
		Release|ARM = Release|ARM
		Release|ARM64 = Release|ARM64
		Release|x64 = Release|x64
		Release|x86 = Release|x86
	EndGlobalSection
	GlobalSection(ProjectConfigurationPlatforms) = postSolution
		{D421B0C1-8213-4E30-A3DB-C298310907D5}.Debug|ARM.ActiveCfg = Debug|ARM
		{D421B0C1-8213-4E30-A3DB-C298310907D5}.Debug|ARM.Build.0 = Debug|ARM
		{D421B0C1-8213-4E30-A3DB-C298310907D5}.Debug|ARM.Deploy.0 = Debug|ARM
		{D421B0C1-8213-4E30-A3DB-C298310907D5}.Debug|ARM64.ActiveCfg = Debug|ARM64
		{D421B0C1-8213-4E30-A3DB-C298310907D5}.Debug|ARM64.Build.0 = Debug|ARM64
		{D421B0C1-8213-4E30-A3DB-C298310907D5}.Debug|ARM64.Deploy.0 = Debug|ARM64
		{D421B0C1-8213-4E30-A3DB-C298310907D5}.Debug|x64.ActiveCfg = Debug|x64
		{D421B0C1-8213-4E30-A3DB-C298310907D5}.Debug|x64.Build.0 = Debug|x64
		{D421B0C1-8213-4E30-A3DB-C298310907D5}.Debug|x64.Deploy.0 = Debug|x64
		{D421B0C1-8213-4E30-A3DB-C298310907D5}.Debug|x86.ActiveCfg = Debug|Win32
		{D421B0C1-8213-4E30-A3DB-C298310907D5}.Debug|x86.Build.0 = Debug|Win32
		{D421B0C1-8213-4E30-A3DB-C298310907D5}.Debug|x86.Deploy.0 = Debug|Win32
		{D421B0C1-8213-4E30-A3DB-C298310907D5}.Release|ARM.ActiveCfg = Release|ARM
		{D421B0C1-8213-4E30-A3DB-C298310907D5}.Release|ARM.Build.0 = Release|ARM
		{D421B0C1-8213-4E30-A3DB-C298310907D5}.Release|ARM.Deploy.0 = Release|ARM
		{D421B0C1-8213-4E30-A3DB-C298310907D5}.Release|ARM64.ActiveCfg = Release|ARM64
		{D421B0C1-8213-4E30-A3DB-C298310907D5}.Release|ARM64.Build.0 = Release|ARM64
		{D421B0C1-8213-4E30-A3DB-C298310907D5}.Release|ARM64.Deploy.0 = Release|ARM64
		{D421B0C1-8213-4E30-A3DB-C298310907D5}.Release|x64.ActiveCfg = Release|x64
		{D421B0C1-8213-4E30-A3DB-C298310907D5}.Release|x64.Build.0 = Release|x64
		{D421B0C1-8213-4E30-A3DB-C298310907D5}.Release|x64.Deploy.0 = Release|x64
		{D421B0C1-8213-4E30-A3DB-C298310907D5}.Release|x86.ActiveCfg = Release|Win32
		{D421B0C1-8213-4E30-A3DB-C298310907D5}.Release|x86.Build.0 = Release|Win32
		{D421B0C1-8213-4E30-A3DB-C298310907D5}.Release|x86.Deploy.0 = Release|Win32
	EndGlobalSection
	GlobalSection(SolutionProperties) = preSolution
		HideSolutionNode = FALSE
	EndGlobalSection
	GlobalSection(ExtensibilityGlobals) = postSolution
		SolutionGuid = {E70FD51F-9476-407A-A7A2-D339F2485317}
	EndGlobalSection
EndGlobal
